// !$*UTF8*$!
{
	archiveVersion = 1;
	classes = {
	};
	objectVersion = 55;
	objects = {

/* Begin PBXBuildFile section */
		8B10BC2C284F9E12000179B3 /* ArticleListViewModel.swift in Sources */ = {isa = PBXBuildFile; fileRef = 8B10BC2B284F9E12000179B3 /* ArticleListViewModel.swift */; };
		8B10BC2E284F9E3C000179B3 /* RealmService.swift in Sources */ = {isa = PBXBuildFile; fileRef = 8B10BC2D284F9E3C000179B3 /* RealmService.swift */; };
		8B10BC30284F9E47000179B3 /* NetworkService.swift in Sources */ = {isa = PBXBuildFile; fileRef = 8B10BC2F284F9E47000179B3 /* NetworkService.swift */; };
		8B10BC32284F9E59000179B3 /* DataCoordinator.swift in Sources */ = {isa = PBXBuildFile; fileRef = 8B10BC31284F9E59000179B3 /* DataCoordinator.swift */; };
		8B10BC38284FA012000179B3 /* ArticleListResponse.swift in Sources */ = {isa = PBXBuildFile; fileRef = 8B10BC37284FA012000179B3 /* ArticleListResponse.swift */; };
		8B10BC3A284FA5FA000179B3 /* APIHelper.swift in Sources */ = {isa = PBXBuildFile; fileRef = 8B10BC39284FA5FA000179B3 /* APIHelper.swift */; };
		8B489681284F9D7A00442CC7 /* Otus_Homework_App.swift in Sources */ = {isa = PBXBuildFile; fileRef = 8B489680284F9D7A00442CC7 /* Otus_Homework_App.swift */; };
		8B830C9B284F97B5003BE8D0 /* Assets.xcassets in Resources */ = {isa = PBXBuildFile; fileRef = 8B830C9A284F97B5003BE8D0 /* Assets.xcassets */; };
		8B830C9E284F97B5003BE8D0 /* Preview Assets.xcassets in Resources */ = {isa = PBXBuildFile; fileRef = 8B830C9D284F97B5003BE8D0 /* Preview Assets.xcassets */; };
		8B830CA6284F98F3003BE8D0 /* Realm in Frameworks */ = {isa = PBXBuildFile; productRef = 8B830CA5284F98F3003BE8D0 /* Realm */; };
		8B830CA8284F98F3003BE8D0 /* RealmSwift in Frameworks */ = {isa = PBXBuildFile; productRef = 8B830CA7284F98F3003BE8D0 /* RealmSwift */; };
		8B830CAA284F994A003BE8D0 /* ServiceLocator.swift in Sources */ = {isa = PBXBuildFile; fileRef = 8B830CA9284F994A003BE8D0 /* ServiceLocator.swift */; };
		8B830CAC284F995B003BE8D0 /* Article.swift in Sources */ = {isa = PBXBuildFile; fileRef = 8B830CAB284F995B003BE8D0 /* Article.swift */; };
		8B830CB2284F9D3C003BE8D0 /* ArticleListView.swift in Sources */ = {isa = PBXBuildFile; fileRef = 8B830CB1284F9D3C003BE8D0 /* ArticleListView.swift */; };
/* End PBXBuildFile section */

/* Begin PBXFileReference section */
		8B10BC2B284F9E12000179B3 /* ArticleListViewModel.swift */ = {isa = PBXFileReference; lastKnownFileType = sourcecode.swift; path = ArticleListViewModel.swift; sourceTree = "<group>"; };
		8B10BC2D284F9E3C000179B3 /* RealmService.swift */ = {isa = PBXFileReference; lastKnownFileType = sourcecode.swift; path = RealmService.swift; sourceTree = "<group>"; };
		8B10BC2F284F9E47000179B3 /* NetworkService.swift */ = {isa = PBXFileReference; lastKnownFileType = sourcecode.swift; path = NetworkService.swift; sourceTree = "<group>"; };
		8B10BC31284F9E59000179B3 /* DataCoordinator.swift */ = {isa = PBXFileReference; lastKnownFileType = sourcecode.swift; path = DataCoordinator.swift; sourceTree = "<group>"; };
		8B10BC37284FA012000179B3 /* ArticleListResponse.swift */ = {isa = PBXFileReference; lastKnownFileType = sourcecode.swift; path = ArticleListResponse.swift; sourceTree = "<group>"; };
		8B10BC39284FA5FA000179B3 /* APIHelper.swift */ = {isa = PBXFileReference; lastKnownFileType = sourcecode.swift; path = APIHelper.swift; sourceTree = "<group>"; };
		8B489680284F9D7A00442CC7 /* Otus_Homework_App.swift */ = {isa = PBXFileReference; lastKnownFileType = sourcecode.swift; path = Otus_Homework_App.swift; sourceTree = "<group>"; };
		8B830C93284F97B4003BE8D0 /* Otus_Homework_31.05.2022.app */ = {isa = PBXFileReference; explicitFileType = wrapper.application; includeInIndex = 0; path = Otus_Homework_31.05.2022.app; sourceTree = BUILT_PRODUCTS_DIR; };
		8B830C9A284F97B5003BE8D0 /* Assets.xcassets */ = {isa = PBXFileReference; lastKnownFileType = folder.assetcatalog; path = Assets.xcassets; sourceTree = "<group>"; };
		8B830C9D284F97B5003BE8D0 /* Preview Assets.xcassets */ = {isa = PBXFileReference; lastKnownFileType = folder.assetcatalog; path = "Preview Assets.xcassets"; sourceTree = "<group>"; };
		8B830CA9284F994A003BE8D0 /* ServiceLocator.swift */ = {isa = PBXFileReference; lastKnownFileType = sourcecode.swift; path = ServiceLocator.swift; sourceTree = "<group>"; };
		8B830CAB284F995B003BE8D0 /* Article.swift */ = {isa = PBXFileReference; lastKnownFileType = sourcecode.swift; path = Article.swift; sourceTree = "<group>"; };
		8B830CB1284F9D3C003BE8D0 /* ArticleListView.swift */ = {isa = PBXFileReference; lastKnownFileType = sourcecode.swift; path = ArticleListView.swift; sourceTree = "<group>"; };
/* End PBXFileReference section */

/* Begin PBXFrameworksBuildPhase section */
		8B830C90284F97B4003BE8D0 /* Frameworks */ = {
			isa = PBXFrameworksBuildPhase;
			buildActionMask = 2147483647;
			files = (
				8B830CA8284F98F3003BE8D0 /* RealmSwift in Frameworks */,
				8B830CA6284F98F3003BE8D0 /* Realm in Frameworks */,
			);
			runOnlyForDeploymentPostprocessing = 0;
		};
/* End PBXFrameworksBuildPhase section */

/* Begin PBXGroup section */
		8B10BC28284F9DCC000179B3 /* View */ = {
			isa = PBXGroup;
			children = (
				8B830CB1284F9D3C003BE8D0 /* ArticleListView.swift */,
			);
			path = View;
			sourceTree = "<group>";
		};
		8B10BC33284F9E63000179B3 /* Services */ = {
			isa = PBXGroup;
			children = (
				8B10BC2D284F9E3C000179B3 /* RealmService.swift */,
				8B10BC2F284F9E47000179B3 /* NetworkService.swift */,
			);
			path = Services;
			sourceTree = "<group>";
		};
		8B10BC34284F9E85000179B3 /* Utils */ = {
			isa = PBXGroup;
			children = (
				8B10BC31284F9E59000179B3 /* DataCoordinator.swift */,
				8B830CA9284F994A003BE8D0 /* ServiceLocator.swift */,
				8B10BC39284FA5FA000179B3 /* APIHelper.swift */,
			);
			path = Utils;
			sourceTree = "<group>";
		};
		8B10BC35284F9E90000179B3 /* ViewModel */ = {
			isa = PBXGroup;
			children = (
				8B10BC2B284F9E12000179B3 /* ArticleListViewModel.swift */,
			);
			path = ViewModel;
			sourceTree = "<group>";
		};
		8B10BC36284F9E9F000179B3 /* Model */ = {
			isa = PBXGroup;
			children = (
				8B830CAB284F995B003BE8D0 /* Article.swift */,
				8B10BC37284FA012000179B3 /* ArticleListResponse.swift */,
			);
			path = Model;
			sourceTree = "<group>";
		};
		8B830C8A284F97B4003BE8D0 = {
			isa = PBXGroup;
			children = (
				8B830C95284F97B4003BE8D0 /* Otus_Homework_31.05.2022 */,
				8B830C94284F97B4003BE8D0 /* Products */,
			);
			sourceTree = "<group>";
		};
		8B830C94284F97B4003BE8D0 /* Products */ = {
			isa = PBXGroup;
			children = (
				8B830C93284F97B4003BE8D0 /* Otus_Homework_31.05.2022.app */,
			);
			name = Products;
			sourceTree = "<group>";
		};
		8B830C95284F97B4003BE8D0 /* Otus_Homework_31.05.2022 */ = {
			isa = PBXGroup;
			children = (
				8B489680284F9D7A00442CC7 /* Otus_Homework_App.swift */,
				8B10BC36284F9E9F000179B3 /* Model */,
				8B10BC28284F9DCC000179B3 /* View */,
				8B10BC35284F9E90000179B3 /* ViewModel */,
				8B10BC33284F9E63000179B3 /* Services */,
				8B10BC34284F9E85000179B3 /* Utils */,
				8B830C9A284F97B5003BE8D0 /* Assets.xcassets */,
				8B830C9C284F97B5003BE8D0 /* Preview Content */,
			);
			path = Otus_Homework_31.05.2022;
			sourceTree = "<group>";
		};
		8B830C9C284F97B5003BE8D0 /* Preview Content */ = {
			isa = PBXGroup;
			children = (
				8B830C9D284F97B5003BE8D0 /* Preview Assets.xcassets */,
			);
			path = "Preview Content";
			sourceTree = "<group>";
		};
/* End PBXGroup section */

/* Begin PBXNativeTarget section */
		8B830C92284F97B4003BE8D0 /* Otus_Homework_31.05.2022 */ = {
			isa = PBXNativeTarget;
			buildConfigurationList = 8B830CA1284F97B5003BE8D0 /* Build configuration list for PBXNativeTarget "Otus_Homework_31.05.2022" */;
			buildPhases = (
				8B830C8F284F97B4003BE8D0 /* Sources */,
				8B830C90284F97B4003BE8D0 /* Frameworks */,
				8B830C91284F97B4003BE8D0 /* Resources */,
			);
			buildRules = (
			);
			dependencies = (
			);
			name = Otus_Homework_31.05.2022;
			packageProductDependencies = (
				8B830CA5284F98F3003BE8D0 /* Realm */,
				8B830CA7284F98F3003BE8D0 /* RealmSwift */,
			);
			productName = Otus_Homework_31.05.2022;
			productReference = 8B830C93284F97B4003BE8D0 /* Otus_Homework_31.05.2022.app */;
			productType = "com.apple.product-type.application";
		};
/* End PBXNativeTarget section */

/* Begin PBXProject section */
		8B830C8B284F97B4003BE8D0 /* Project object */ = {
			isa = PBXProject;
			attributes = {
				BuildIndependentTargetsInParallel = 1;
				LastSwiftUpdateCheck = 1320;
				LastUpgradeCheck = 1320;
				TargetAttributes = {
					8B830C92284F97B4003BE8D0 = {
						CreatedOnToolsVersion = 13.2.1;
					};
				};
			};
			buildConfigurationList = 8B830C8E284F97B4003BE8D0 /* Build configuration list for PBXProject "Otus_Homework_31.05.2022" */;
			compatibilityVersion = "Xcode 13.0";
			developmentRegion = en;
			hasScannedForEncodings = 0;
			knownRegions = (
				en,
				Base,
			);
			mainGroup = 8B830C8A284F97B4003BE8D0;
			packageReferences = (
				8B830CA4284F98F3003BE8D0 /* XCRemoteSwiftPackageReference "realm-swift" */,
			);
			productRefGroup = 8B830C94284F97B4003BE8D0 /* Products */;
			projectDirPath = "";
			projectRoot = "";
			targets = (
				8B830C92284F97B4003BE8D0 /* Otus_Homework_31.05.2022 */,
			);
		};
/* End PBXProject section */

/* Begin PBXResourcesBuildPhase section */
		8B830C91284F97B4003BE8D0 /* Resources */ = {
			isa = PBXResourcesBuildPhase;
			buildActionMask = 2147483647;
			files = (
				8B830C9E284F97B5003BE8D0 /* Preview Assets.xcassets in Resources */,
				8B830C9B284F97B5003BE8D0 /* Assets.xcassets in Resources */,
			);
			runOnlyForDeploymentPostprocessing = 0;
		};
/* End PBXResourcesBuildPhase section */

/* Begin PBXSourcesBuildPhase section */
		8B830C8F284F97B4003BE8D0 /* Sources */ = {
			isa = PBXSourcesBuildPhase;
			buildActionMask = 2147483647;
			files = (
				8B10BC2C284F9E12000179B3 /* ArticleListViewModel.swift in Sources */,
				8B10BC2E284F9E3C000179B3 /* RealmService.swift in Sources */,
				8B830CAC284F995B003BE8D0 /* Article.swift in Sources */,
				8B489681284F9D7A00442CC7 /* Otus_Homework_App.swift in Sources */,
				8B10BC38284FA012000179B3 /* ArticleListResponse.swift in Sources */,
				8B830CAA284F994A003BE8D0 /* ServiceLocator.swift in Sources */,
				8B830CB2284F9D3C003BE8D0 /* ArticleListView.swift in Sources */,
				8B10BC32284F9E59000179B3 /* DataCoordinator.swift in Sources */,
				8B10BC3A284FA5FA000179B3 /* APIHelper.swift in Sources */,
				8B10BC30284F9E47000179B3 /* NetworkService.swift in Sources */,
			);
			runOnlyForDeploymentPostprocessing = 0;
		};
/* End PBXSourcesBuildPhase section */

/* Begin XCBuildConfiguration section */
		8B830C9F284F97B5003BE8D0 /* Debug */ = {
			isa = XCBuildConfiguration;
			buildSettings = {
				ALWAYS_SEARCH_USER_PATHS = NO;
				CLANG_ANALYZER_NONNULL = YES;
				CLANG_ANALYZER_NUMBER_OBJECT_CONVERSION = YES_AGGRESSIVE;
				CLANG_CXX_LANGUAGE_STANDARD = "gnu++17";
				CLANG_CXX_LIBRARY = "libc++";
				CLANG_ENABLE_MODULES = YES;
				CLANG_ENABLE_OBJC_ARC = YES;
				CLANG_ENABLE_OBJC_WEAK = YES;
				CLANG_WARN_BLOCK_CAPTURE_AUTORELEASING = YES;
				CLANG_WARN_BOOL_CONVERSION = YES;
				CLANG_WARN_COMMA = YES;
				CLANG_WARN_CONSTANT_CONVERSION = YES;
				CLANG_WARN_DEPRECATED_OBJC_IMPLEMENTATIONS = YES;
				CLANG_WARN_DIRECT_OBJC_ISA_USAGE = YES_ERROR;
				CLANG_WARN_DOCUMENTATION_COMMENTS = YES;
				CLANG_WARN_EMPTY_BODY = YES;
				CLANG_WARN_ENUM_CONVERSION = YES;
				CLANG_WARN_INFINITE_RECURSION = YES;
				CLANG_WARN_INT_CONVERSION = YES;
				CLANG_WARN_NON_LITERAL_NULL_CONVERSION = YES;
				CLANG_WARN_OBJC_IMPLICIT_RETAIN_SELF = YES;
				CLANG_WARN_OBJC_LITERAL_CONVERSION = YES;
				CLANG_WARN_OBJC_ROOT_CLASS = YES_ERROR;
				CLANG_WARN_QUOTED_INCLUDE_IN_FRAMEWORK_HEADER = YES;
				CLANG_WARN_RANGE_LOOP_ANALYSIS = YES;
				CLANG_WARN_STRICT_PROTOTYPES = YES;
				CLANG_WARN_SUSPICIOUS_MOVE = YES;
				CLANG_WARN_UNGUARDED_AVAILABILITY = YES_AGGRESSIVE;
				CLANG_WARN_UNREACHABLE_CODE = YES;
				CLANG_WARN__DUPLICATE_METHOD_MATCH = YES;
				COPY_PHASE_STRIP = NO;
				DEBUG_INFORMATION_FORMAT = dwarf;
				ENABLE_STRICT_OBJC_MSGSEND = YES;
				ENABLE_TESTABILITY = YES;
				GCC_C_LANGUAGE_STANDARD = gnu11;
				GCC_DYNAMIC_NO_PIC = NO;
				GCC_NO_COMMON_BLOCKS = YES;
				GCC_OPTIMIZATION_LEVEL = 0;
				GCC_PREPROCESSOR_DEFINITIONS = (
					"DEBUG=1",
					"$(inherited)",
				);
				GCC_WARN_64_TO_32_BIT_CONVERSION = YES;
				GCC_WARN_ABOUT_RETURN_TYPE = YES_ERROR;
				GCC_WARN_UNDECLARED_SELECTOR = YES;
				GCC_WARN_UNINITIALIZED_AUTOS = YES_AGGRESSIVE;
				GCC_WARN_UNUSED_FUNCTION = YES;
				GCC_WARN_UNUSED_VARIABLE = YES;
				IPHONEOS_DEPLOYMENT_TARGET = 15.2;
				MTL_ENABLE_DEBUG_INFO = INCLUDE_SOURCE;
				MTL_FAST_MATH = YES;
				ONLY_ACTIVE_ARCH = YES;
				SDKROOT = iphoneos;
				SWIFT_ACTIVE_COMPILATION_CONDITIONS = DEBUG;
				SWIFT_OPTIMIZATION_LEVEL = "-Onone";
			};
			name = Debug;
		};
		8B830CA0284F97B5003BE8D0 /* Release */ = {
			isa = XCBuildConfiguration;
			buildSettings = {
				ALWAYS_SEARCH_USER_PATHS = NO;
				CLANG_ANALYZER_NONNULL = YES;
				CLANG_ANALYZER_NUMBER_OBJECT_CONVERSION = YES_AGGRESSIVE;
				CLANG_CXX_LANGUAGE_STANDARD = "gnu++17";
				CLANG_CXX_LIBRARY = "libc++";
				CLANG_ENABLE_MODULES = YES;
				CLANG_ENABLE_OBJC_ARC = YES;
				CLANG_ENABLE_OBJC_WEAK = YES;
				CLANG_WARN_BLOCK_CAPTURE_AUTORELEASING = YES;
				CLANG_WARN_BOOL_CONVERSION = YES;
				CLANG_WARN_COMMA = YES;
				CLANG_WARN_CONSTANT_CONVERSION = YES;
				CLANG_WARN_DEPRECATED_OBJC_IMPLEMENTATIONS = YES;
				CLANG_WARN_DIRECT_OBJC_ISA_USAGE = YES_ERROR;
				CLANG_WARN_DOCUMENTATION_COMMENTS = YES;
				CLANG_WARN_EMPTY_BODY = YES;
				CLANG_WARN_ENUM_CONVERSION = YES;
				CLANG_WARN_INFINITE_RECURSION = YES;
				CLANG_WARN_INT_CONVERSION = YES;
				CLANG_WARN_NON_LITERAL_NULL_CONVERSION = YES;
				CLANG_WARN_OBJC_IMPLICIT_RETAIN_SELF = YES;
				CLANG_WARN_OBJC_LITERAL_CONVERSION = YES;
				CLANG_WARN_OBJC_ROOT_CLASS = YES_ERROR;
				CLANG_WARN_QUOTED_INCLUDE_IN_FRAMEWORK_HEADER = YES;
				CLANG_WARN_RANGE_LOOP_ANALYSIS = YES;
				CLANG_WARN_STRICT_PROTOTYPES = YES;
				CLANG_WARN_SUSPICIOUS_MOVE = YES;
				CLANG_WARN_UNGUARDED_AVAILABILITY = YES_AGGRESSIVE;
				CLANG_WARN_UNREACHABLE_CODE = YES;
				CLANG_WARN__DUPLICATE_METHOD_MATCH = YES;
				COPY_PHASE_STRIP = NO;
				DEBUG_INFORMATION_FORMAT = "dwarf-with-dsym";
				ENABLE_NS_ASSERTIONS = NO;
				ENABLE_STRICT_OBJC_MSGSEND = YES;
				GCC_C_LANGUAGE_STANDARD = gnu11;
				GCC_NO_COMMON_BLOCKS = YES;
				GCC_WARN_64_TO_32_BIT_CONVERSION = YES;
				GCC_WARN_ABOUT_RETURN_TYPE = YES_ERROR;
				GCC_WARN_UNDECLARED_SELECTOR = YES;
				GCC_WARN_UNINITIALIZED_AUTOS = YES_AGGRESSIVE;
				GCC_WARN_UNUSED_FUNCTION = YES;
				GCC_WARN_UNUSED_VARIABLE = YES;
				IPHONEOS_DEPLOYMENT_TARGET = 15.2;
				MTL_ENABLE_DEBUG_INFO = NO;
				MTL_FAST_MATH = YES;
				SDKROOT = iphoneos;
				SWIFT_COMPILATION_MODE = wholemodule;
				SWIFT_OPTIMIZATION_LEVEL = "-O";
				VALIDATE_PRODUCT = YES;
			};
			name = Release;
		};
		8B830CA2284F97B5003BE8D0 /* Debug */ = {
			isa = XCBuildConfiguration;
			buildSettings = {
				ASSETCATALOG_COMPILER_APPICON_NAME = AppIcon;
				ASSETCATALOG_COMPILER_GLOBAL_ACCENT_COLOR_NAME = AccentColor;
				CODE_SIGN_STYLE = Automatic;
				CURRENT_PROJECT_VERSION = 1;
				DEVELOPMENT_ASSET_PATHS = "\"Otus_Homework_31.05.2022/Preview Content\"";
				DEVELOPMENT_TEAM = RJ72JSGMTM;
				ENABLE_PREVIEWS = YES;
				GENERATE_INFOPLIST_FILE = YES;
				INFOPLIST_KEY_UIApplicationSceneManifest_Generation = YES;
				INFOPLIST_KEY_UIApplicationSupportsIndirectInputEvents = YES;
				INFOPLIST_KEY_UILaunchScreen_Generation = YES;
				INFOPLIST_KEY_UISupportedInterfaceOrientations_iPad = "UIInterfaceOrientationPortrait UIInterfaceOrientationPortraitUpsideDown UIInterfaceOrientationLandscapeLeft UIInterfaceOrientationLandscapeRight";
				INFOPLIST_KEY_UISupportedInterfaceOrientations_iPhone = "UIInterfaceOrientationPortrait UIInterfaceOrientationLandscapeLeft UIInterfaceOrientationLandscapeRight";
				LD_RUNPATH_SEARCH_PATHS = (
					"$(inherited)",
					"@executable_path/Frameworks",
				);
				MARKETING_VERSION = 1.0;
				PRODUCT_BUNDLE_IDENTIFIER = "tattelecom.Otus-Homework-31-05-2022";
				PRODUCT_NAME = "$(TARGET_NAME)";
				SWIFT_EMIT_LOC_STRINGS = YES;
				SWIFT_VERSION = 5.0;
				TARGETED_DEVICE_FAMILY = "1,2";
			};
			name = Debug;
		};
		8B830CA3284F97B5003BE8D0 /* Release */ = {
			isa = XCBuildConfiguration;
			buildSettings = {
				ASSETCATALOG_COMPILER_APPICON_NAME = AppIcon;
				ASSETCATALOG_COMPILER_GLOBAL_ACCENT_COLOR_NAME = AccentColor;
				CODE_SIGN_STYLE = Automatic;
				CURRENT_PROJECT_VERSION = 1;
				DEVELOPMENT_ASSET_PATHS = "\"Otus_Homework_31.05.2022/Preview Content\"";
				DEVELOPMENT_TEAM = RJ72JSGMTM;
				ENABLE_PREVIEWS = YES;
				GENERATE_INFOPLIST_FILE = YES;
				INFOPLIST_KEY_UIApplicationSceneManifest_Generation = YES;
				INFOPLIST_KEY_UIApplicationSupportsIndirectInputEvents = YES;
				INFOPLIST_KEY_UILaunchScreen_Generation = YES;
				INFOPLIST_KEY_UISupportedInterfaceOrientations_iPad = "UIInterfaceOrientationPortrait UIInterfaceOrientationPortraitUpsideDown UIInterfaceOrientationLandscapeLeft UIInterfaceOrientationLandscapeRight";
				INFOPLIST_KEY_UISupportedInterfaceOrientations_iPhone = "UIInterfaceOrientationPortrait UIInterfaceOrientationLandscapeLeft UIInterfaceOrientationLandscapeRight";
				LD_RUNPATH_SEARCH_PATHS = (
					"$(inherited)",
					"@executable_path/Frameworks",
				);
				MARKETING_VERSION = 1.0;
				PRODUCT_BUNDLE_IDENTIFIER = "tattelecom.Otus-Homework-31-05-2022";
				PRODUCT_NAME = "$(TARGET_NAME)";
				SWIFT_EMIT_LOC_STRINGS = YES;
				SWIFT_VERSION = 5.0;
				TARGETED_DEVICE_FAMILY = "1,2";
			};
			name = Release;
		};
/* End XCBuildConfiguration section */

/* Begin XCConfigurationList section */
		8B830C8E284F97B4003BE8D0 /* Build configuration list for PBXProject "Otus_Homework_31.05.2022" */ = {
			isa = XCConfigurationList;
			buildConfigurations = (
				8B830C9F284F97B5003BE8D0 /* Debug */,
				8B830CA0284F97B5003BE8D0 /* Release */,
			);
			defaultConfigurationIsVisible = 0;
			defaultConfigurationName = Release;
		};
		8B830CA1284F97B5003BE8D0 /* Build configuration list for PBXNativeTarget "Otus_Homework_31.05.2022" */ = {
			isa = XCConfigurationList;
			buildConfigurations = (
				8B830CA2284F97B5003BE8D0 /* Debug */,
				8B830CA3284F97B5003BE8D0 /* Release */,
			);
			defaultConfigurationIsVisible = 0;
			defaultConfigurationName = Release;
		};
/* End XCConfigurationList section */

/* Begin XCRemoteSwiftPackageReference section */
		8B830CA4284F98F3003BE8D0 /* XCRemoteSwiftPackageReference "realm-swift" */ = {
			isa = XCRemoteSwiftPackageReference;
			repositoryURL = "https://github.com/realm/realm-swift.git";
			requirement = {
				branch = master;
				kind = branch;
			};
		};
/* End XCRemoteSwiftPackageReference section */

/* Begin XCSwiftPackageProductDependency section */
		8B830CA5284F98F3003BE8D0 /* Realm */ = {
			isa = XCSwiftPackageProductDependency;
			package = 8B830CA4284F98F3003BE8D0 /* XCRemoteSwiftPackageReference "realm-swift" */;
			productName = Realm;
		};
		8B830CA7284F98F3003BE8D0 /* RealmSwift */ = {
			isa = XCSwiftPackageProductDependency;
			package = 8B830CA4284F98F3003BE8D0 /* XCRemoteSwiftPackageReference "realm-swift" */;
			productName = RealmSwift;
		};
/* End XCSwiftPackageProductDependency section */
	};
	rootObject = 8B830C8B284F97B4003BE8D0 /* Project object */;
}
